
Microsoft Visual Studio Solution File, Format Version 12.00
# Visual Studio Version 17
VisualStudioVersion = 17.11.35312.102
MinimumVisualStudioVersion = 10.0.40219.1
Project("{FAE04EC0-301F-11D3-BF4B-00C04F79EFBC}") = "hesapmakine", "hesapmakine.csproj", "{8702F5B7-3FC0-42AF-B828-3E8C800A9640}"
EndProject
Global
	GlobalSection(SolutionConfigurationPlatforms) = preSolution
		Debug|Any CPU = Debug|Any CPU
		Release|Any CPU = Release|Any CPU
	EndGlobalSection
	GlobalSection(ProjectConfigurationPlatforms) = postSolution
		{8702F5B7-3FC0-42AF-B828-3E8C800A9640}.Debug|Any CPU.ActiveCfg = Debug|Any CPU
		{8702F5B7-3FC0-42AF-B828-3E8C800A9640}.Debug|Any CPU.Build.0 = Debug|Any CPU
		{8702F5B7-3FC0-42AF-B828-3E8C800A9640}.Release|Any CPU.ActiveCfg = Release|Any CPU
		{8702F5B7-3FC0-42AF-B828-3E8C800A9640}.Release|Any CPU.Build.0 = Release|Any CPU
	EndGlobalSection
	GlobalSection(SolutionProperties) = preSolution
		HideSolutionNode = FALSE
	EndGlobalSection
	GlobalSection(ExtensibilityGlobals) = postSolution
		SolutionGuid = {BAA5B757-4776-4EC1-BB5C-A3CAABA52B2E}
	EndGlobalSection
EndGlobal
