class Program
{
    static void Main(string[] args)
    {
        char cikis;
        //Çıkış yapana kadar işlemi yap
        do
        {
            Console.Clear();
            int sonuc = 0;

            //İşlem Menüsü
            Console.WriteLine("Toplama İşlemi İçin +");
            Console.WriteLine("Çıkarma İşlemi İçin -");
            Console.WriteLine("Çarpma İşlemi İçin *");
            Console.WriteLine("Bölme İşlemi İçin /");
       

            // Sayıları Al
            Console.Write("1.değeri girin : ");
            int sayi1 = Convert.ToInt16(Console.ReadLine());
            Console.Write("2.değeri girin : ");
            int sayi2 = Convert.ToInt16(Console.ReadLine());
            Console.Write("Yapmak İstediğiniz işlemi Seçin : ");


            char secim = Convert.ToChar(Console.ReadLine());
            //Karşılaştırma yapısını oluşturduk. Kullanıcının seçimine göre işlemi gerçekleştirdik
            switch (secim)
            {
                case '+':
                    sonuc = sayi1 + sayi2;
                    Console.WriteLine("Toplama işlemini sonucu : {0}", sonuc);
                    break;
                case '-':
                    sonuc = sayi1 - sayi2;
                    Console.WriteLine("Çıkarma işleminin sonucu : {0}", sonuc);
                    break;
                case '*':
                    sonuc = sayi1 * sayi2;
                    Console.WriteLine("Çarpma işleminin sonucu : {0}", sonuc);
                    break;
                case '/':
                    sonuc = sayi1 / sayi2;
                    Console.WriteLine("Bölme işleminin sonucu : {0}", sonuc);
                    break;
                default:
                    Console.WriteLine("Hatalı Seçim Yaptınız");
                    break;
            }// Kullanıcı h tuşuna basmadığı sürece yeni işlem yaptırdık
            Console.WriteLine("Başka işlem yapacak mısınız?(e/h)");
            cikis = Convert.ToChar(Console.ReadLine());
        } while (cikis != 'h');
    }
}

